
Microsoft Visual Studio Solution File, Format Version 12.00
# Visual Studio 15
VisualStudioVersion = 15.0.28307.1022
MinimumVisualStudioVersion = 10.0.40219.1
Project("{FAE04EC0-301F-11D3-BF4B-00C04F79EFBC}") = "Problem1", "Problem1\Problem1.csproj", "{FD1F3D9B-4405-4F86-976C-D8793C75460C}"
EndProject
Project("{FAE04EC0-301F-11D3-BF4B-00C04F79EFBC}") = "Problem2", "Problem2\Problem2.csproj", "{2097B6F8-62A7-4B58-A211-23372406E27F}"
EndProject
Project("{FAE04EC0-301F-11D3-BF4B-00C04F79EFBC}") = "Problem3", "Problem3\Problem3.csproj", "{696EF83F-8B44-483A-BCF6-F93CAE3CF0A9}"
EndProject
Project("{FAE04EC0-301F-11D3-BF4B-00C04F79EFBC}") = "Problem4", "Problem4\Problem4.csproj", "{4E0BA2A4-880F-40F2-B31C-7FAC0773B3E3}"
EndProject
Project("{FAE04EC0-301F-11D3-BF4B-00C04F79EFBC}") = "Problem5", "Problem5\Problem5.csproj", "{8B46DD2A-8795-4114-9FF2-C2FC6D72B2B5}"
EndProject
Global
	GlobalSection(SolutionConfigurationPlatforms) = preSolution
		Debug|Any CPU = Debug|Any CPU
		Release|Any CPU = Release|Any CPU
	EndGlobalSection
	GlobalSection(ProjectConfigurationPlatforms) = postSolution
		{FD1F3D9B-4405-4F86-976C-D8793C75460C}.Debug|Any CPU.ActiveCfg = Debug|Any CPU
		{FD1F3D9B-4405-4F86-976C-D8793C75460C}.Debug|Any CPU.Build.0 = Debug|Any CPU
		{FD1F3D9B-4405-4F86-976C-D8793C75460C}.Release|Any CPU.ActiveCfg = Release|Any CPU
		{FD1F3D9B-4405-4F86-976C-D8793C75460C}.Release|Any CPU.Build.0 = Release|Any CPU
		{2097B6F8-62A7-4B58-A211-23372406E27F}.Debug|Any CPU.ActiveCfg = Debug|Any CPU
		{2097B6F8-62A7-4B58-A211-23372406E27F}.Debug|Any CPU.Build.0 = Debug|Any CPU
		{2097B6F8-62A7-4B58-A211-23372406E27F}.Release|Any CPU.ActiveCfg = Release|Any CPU
		{2097B6F8-62A7-4B58-A211-23372406E27F}.Release|Any CPU.Build.0 = Release|Any CPU
		{696EF83F-8B44-483A-BCF6-F93CAE3CF0A9}.Debug|Any CPU.ActiveCfg = Debug|Any CPU
		{696EF83F-8B44-483A-BCF6-F93CAE3CF0A9}.Debug|Any CPU.Build.0 = Debug|Any CPU
		{696EF83F-8B44-483A-BCF6-F93CAE3CF0A9}.Release|Any CPU.ActiveCfg = Release|Any CPU
		{696EF83F-8B44-483A-BCF6-F93CAE3CF0A9}.Release|Any CPU.Build.0 = Release|Any CPU
		{4E0BA2A4-880F-40F2-B31C-7FAC0773B3E3}.Debug|Any CPU.ActiveCfg = Debug|Any CPU
		{4E0BA2A4-880F-40F2-B31C-7FAC0773B3E3}.Debug|Any CPU.Build.0 = Debug|Any CPU
		{4E0BA2A4-880F-40F2-B31C-7FAC0773B3E3}.Release|Any CPU.ActiveCfg = Release|Any CPU
		{4E0BA2A4-880F-40F2-B31C-7FAC0773B3E3}.Release|Any CPU.Build.0 = Release|Any CPU
		{8B46DD2A-8795-4114-9FF2-C2FC6D72B2B5}.Debug|Any CPU.ActiveCfg = Debug|Any CPU
		{8B46DD2A-8795-4114-9FF2-C2FC6D72B2B5}.Debug|Any CPU.Build.0 = Debug|Any CPU
		{8B46DD2A-8795-4114-9FF2-C2FC6D72B2B5}.Release|Any CPU.ActiveCfg = Release|Any CPU
		{8B46DD2A-8795-4114-9FF2-C2FC6D72B2B5}.Release|Any CPU.Build.0 = Release|Any CPU
	EndGlobalSection
	GlobalSection(SolutionProperties) = preSolution
		HideSolutionNode = FALSE
	EndGlobalSection
	GlobalSection(ExtensibilityGlobals) = postSolution
		SolutionGuid = {E8EC22B4-AE9C-4544-85F9-81347B31FDFB}
	EndGlobalSection
EndGlobal
